// !$*UTF8*$!
{
	archiveVersion = 1;
	classes = {
	};
	objectVersion = 55;
	objects = {

/* Begin PBXBuildFile section */
		5C0DE07727F74D69002A33FE /* ActivityView.swift in Sources */ = {isa = PBXBuildFile; fileRef = 5C0DE07627F74D69002A33FE /* ActivityView.swift */; };
		5C45CFD927E4DFC800BBD7F0 /* avenir_ff in Resources */ = {isa = PBXBuildFile; fileRef = 5C45CFD827E4DFC800BBD7F0 /* avenir_ff */; };
		5C45CFDD27E4E08E00BBD7F0 /* firstPage.swift in Sources */ = {isa = PBXBuildFile; fileRef = 5C45CFDC27E4E08E00BBD7F0 /* firstPage.swift */; };
		5C45CFDF27E4E0BB00BBD7F0 /* secondScreen.swift in Sources */ = {isa = PBXBuildFile; fileRef = 5C45CFDE27E4E0BB00BBD7F0 /* secondScreen.swift */; };
		5C45CFE127E4E0C800BBD7F0 /* thirdScreen.swift in Sources */ = {isa = PBXBuildFile; fileRef = 5C45CFE027E4E0C800BBD7F0 /* thirdScreen.swift */; };
		5C45CFE327E4E0DC00BBD7F0 /* fourthScreen.swift in Sources */ = {isa = PBXBuildFile; fileRef = 5C45CFE227E4E0DC00BBD7F0 /* fourthScreen.swift */; };
		5C45CFE527E4E12000BBD7F0 /* progressCircle.swift in Sources */ = {isa = PBXBuildFile; fileRef = 5C45CFE427E4E12000BBD7F0 /* progressCircle.swift */; };
		5C45CFE727E4E20700BBD7F0 /* globalVariables.swift in Sources */ = {isa = PBXBuildFile; fileRef = 5C45CFE627E4E20700BBD7F0 /* globalVariables.swift */; };
		5C45CFE927E54DB400BBD7F0 /* AnimationView.swift in Sources */ = {isa = PBXBuildFile; fileRef = 5C45CFE827E54DB400BBD7F0 /* AnimationView.swift */; };
		5C7A8B9F27E3C71E002912C2 /* OpenVoteApp.swift in Sources */ = {isa = PBXBuildFile; fileRef = 5C7A8B9E27E3C71E002912C2 /* OpenVoteApp.swift */; };
		5C7A8BA127E3C71E002912C2 /* ContentView.swift in Sources */ = {isa = PBXBuildFile; fileRef = 5C7A8BA027E3C71E002912C2 /* ContentView.swift */; };
		5C7A8BA327E3C726002912C2 /* Assets.xcassets in Resources */ = {isa = PBXBuildFile; fileRef = 5C7A8BA227E3C726002912C2 /* Assets.xcassets */; };
		5C7A8BA627E3C726002912C2 /* Preview Assets.xcassets in Resources */ = {isa = PBXBuildFile; fileRef = 5C7A8BA527E3C726002912C2 /* Preview Assets.xcassets */; };
/* End PBXBuildFile section */

/* Begin PBXFileReference section */
		5C0DE07627F74D69002A33FE /* ActivityView.swift */ = {isa = PBXFileReference; lastKnownFileType = sourcecode.swift; path = ActivityView.swift; sourceTree = "<group>"; };
		5C45CFD827E4DFC800BBD7F0 /* avenir_ff */ = {isa = PBXFileReference; lastKnownFileType = folder; name = avenir_ff; path = ../../../../Desktop/avenir_ff; sourceTree = "<group>"; };
		5C45CFDA27E4DFEA00BBD7F0 /* Info.plist */ = {isa = PBXFileReference; lastKnownFileType = text.plist; path = Info.plist; sourceTree = "<group>"; };
		5C45CFDC27E4E08E00BBD7F0 /* firstPage.swift */ = {isa = PBXFileReference; lastKnownFileType = sourcecode.swift; path = firstPage.swift; sourceTree = "<group>"; };
		5C45CFDE27E4E0BB00BBD7F0 /* secondScreen.swift */ = {isa = PBXFileReference; lastKnownFileType = sourcecode.swift; path = secondScreen.swift; sourceTree = "<group>"; };
		5C45CFE027E4E0C800BBD7F0 /* thirdScreen.swift */ = {isa = PBXFileReference; lastKnownFileType = sourcecode.swift; path = thirdScreen.swift; sourceTree = "<group>"; };
		5C45CFE227E4E0DC00BBD7F0 /* fourthScreen.swift */ = {isa = PBXFileReference; lastKnownFileType = sourcecode.swift; path = fourthScreen.swift; sourceTree = "<group>"; };
		5C45CFE427E4E12000BBD7F0 /* progressCircle.swift */ = {isa = PBXFileReference; lastKnownFileType = sourcecode.swift; path = progressCircle.swift; sourceTree = "<group>"; };
		5C45CFE627E4E20700BBD7F0 /* globalVariables.swift */ = {isa = PBXFileReference; lastKnownFileType = sourcecode.swift; path = globalVariables.swift; sourceTree = "<group>"; };
		5C45CFE827E54DB400BBD7F0 /* AnimationView.swift */ = {isa = PBXFileReference; lastKnownFileType = sourcecode.swift; path = AnimationView.swift; sourceTree = "<group>"; };
		5C7A8B9B27E3C71E002912C2 /* OpenVote.app */ = {isa = PBXFileReference; explicitFileType = wrapper.application; includeInIndex = 0; path = OpenVote.app; sourceTree = BUILT_PRODUCTS_DIR; };
		5C7A8B9E27E3C71E002912C2 /* OpenVoteApp.swift */ = {isa = PBXFileReference; lastKnownFileType = sourcecode.swift; path = OpenVoteApp.swift; sourceTree = "<group>"; };
		5C7A8BA027E3C71E002912C2 /* ContentView.swift */ = {isa = PBXFileReference; lastKnownFileType = sourcecode.swift; path = ContentView.swift; sourceTree = "<group>"; };
		5C7A8BA227E3C726002912C2 /* Assets.xcassets */ = {isa = PBXFileReference; lastKnownFileType = folder.assetcatalog; path = Assets.xcassets; sourceTree = "<group>"; };
		5C7A8BA527E3C726002912C2 /* Preview Assets.xcassets */ = {isa = PBXFileReference; lastKnownFileType = folder.assetcatalog; path = "Preview Assets.xcassets"; sourceTree = "<group>"; };
/* End PBXFileReference section */

/* Begin PBXFrameworksBuildPhase section */
		5C7A8B9827E3C71D002912C2 /* Frameworks */ = {
			isa = PBXFrameworksBuildPhase;
			buildActionMask = 2147483647;
			files = (
			);
			runOnlyForDeploymentPostprocessing = 0;
		};
/* End PBXFrameworksBuildPhase section */

/* Begin PBXGroup section */
		5C0DE07527F74D4E002A33FE /* TabView */ = {
			isa = PBXGroup;
			children = (
				5C0DE07627F74D69002A33FE /* ActivityView.swift */,
			);
			path = TabView;
			sourceTree = "<group>";
		};
		5C45CFDB27E4E06C00BBD7F0 /* TutorialScreens */ = {
			isa = PBXGroup;
			children = (
				5C45CFDC27E4E08E00BBD7F0 /* firstPage.swift */,
				5C45CFDE27E4E0BB00BBD7F0 /* secondScreen.swift */,
				5C45CFE027E4E0C800BBD7F0 /* thirdScreen.swift */,
				5C45CFE227E4E0DC00BBD7F0 /* fourthScreen.swift */,
				5C45CFE427E4E12000BBD7F0 /* progressCircle.swift */,
			);
			path = TutorialScreens;
			sourceTree = "<group>";
		};
		5C7A8B9227E3C71D002912C2 = {
			isa = PBXGroup;
			children = (
				5C7A8B9D27E3C71E002912C2 /* OpenVote */,
				5C7A8B9C27E3C71E002912C2 /* Products */,
			);
			sourceTree = "<group>";
		};
		5C7A8B9C27E3C71E002912C2 /* Products */ = {
			isa = PBXGroup;
			children = (
				5C7A8B9B27E3C71E002912C2 /* OpenVote.app */,
			);
			name = Products;
			sourceTree = "<group>";
		};
		5C7A8B9D27E3C71E002912C2 /* OpenVote */ = {
			isa = PBXGroup;
			children = (
				5C0DE07527F74D4E002A33FE /* TabView */,
				5C45CFDB27E4E06C00BBD7F0 /* TutorialScreens */,
				5C45CFDA27E4DFEA00BBD7F0 /* Info.plist */,
				5C45CFD827E4DFC800BBD7F0 /* avenir_ff */,
				5C7A8B9E27E3C71E002912C2 /* OpenVoteApp.swift */,
				5C7A8BA027E3C71E002912C2 /* ContentView.swift */,
				5C7A8BA227E3C726002912C2 /* Assets.xcassets */,
				5C7A8BA427E3C726002912C2 /* Preview Content */,
				5C45CFE627E4E20700BBD7F0 /* globalVariables.swift */,
				5C45CFE827E54DB400BBD7F0 /* AnimationView.swift */,
			);
			path = OpenVote;
			sourceTree = "<group>";
		};
		5C7A8BA427E3C726002912C2 /* Preview Content */ = {
			isa = PBXGroup;
			children = (
				5C7A8BA527E3C726002912C2 /* Preview Assets.xcassets */,
			);
			path = "Preview Content";
			sourceTree = "<group>";
		};
/* End PBXGroup section */

/* Begin PBXNativeTarget section */
		5C7A8B9A27E3C71D002912C2 /* OpenVote */ = {
			isa = PBXNativeTarget;
			buildConfigurationList = 5C7A8BA927E3C726002912C2 /* Build configuration list for PBXNativeTarget "OpenVote" */;
			buildPhases = (
				5C7A8B9727E3C71D002912C2 /* Sources */,
				5C7A8B9827E3C71D002912C2 /* Frameworks */,
				5C7A8B9927E3C71D002912C2 /* Resources */,
			);
			buildRules = (
			);
			dependencies = (
			);
			name = OpenVote;
			productName = OpenVote;
			productReference = 5C7A8B9B27E3C71E002912C2 /* OpenVote.app */;
			productType = "com.apple.product-type.application";
		};
/* End PBXNativeTarget section */

/* Begin PBXProject section */
		5C7A8B9327E3C71D002912C2 /* Project object */ = {
			isa = PBXProject;
			attributes = {
				BuildIndependentTargetsInParallel = 1;
				LastSwiftUpdateCheck = 1320;
				LastUpgradeCheck = 1320;
				TargetAttributes = {
					5C7A8B9A27E3C71D002912C2 = {
						CreatedOnToolsVersion = 13.2;
					};
				};
			};
			buildConfigurationList = 5C7A8B9627E3C71D002912C2 /* Build configuration list for PBXProject "OpenVote" */;
			compatibilityVersion = "Xcode 13.0";
			developmentRegion = en;
			hasScannedForEncodings = 0;
			knownRegions = (
				en,
				Base,
			);
			mainGroup = 5C7A8B9227E3C71D002912C2;
			productRefGroup = 5C7A8B9C27E3C71E002912C2 /* Products */;
			projectDirPath = "";
			projectRoot = "";
			targets = (
				5C7A8B9A27E3C71D002912C2 /* OpenVote */,
			);
		};
/* End PBXProject section */

/* Begin PBXResourcesBuildPhase section */
		5C7A8B9927E3C71D002912C2 /* Resources */ = {
			isa = PBXResourcesBuildPhase;
			buildActionMask = 2147483647;
			files = (
				5C7A8BA627E3C726002912C2 /* Preview Assets.xcassets in Resources */,
				5C45CFD927E4DFC800BBD7F0 /* avenir_ff in Resources */,
				5C7A8BA327E3C726002912C2 /* Assets.xcassets in Resources */,
			);
			runOnlyForDeploymentPostprocessing = 0;
		};
/* End PBXResourcesBuildPhase section */

/* Begin PBXSourcesBuildPhase section */
		5C7A8B9727E3C71D002912C2 /* Sources */ = {
			isa = PBXSourcesBuildPhase;
			buildActionMask = 2147483647;
			files = (
				5C45CFE527E4E12000BBD7F0 /* progressCircle.swift in Sources */,
				5C7A8BA127E3C71E002912C2 /* ContentView.swift in Sources */,
				5C45CFE727E4E20700BBD7F0 /* globalVariables.swift in Sources */,
				5C0DE07727F74D69002A33FE /* ActivityView.swift in Sources */,
				5C45CFE327E4E0DC00BBD7F0 /* fourthScreen.swift in Sources */,
				5C45CFDF27E4E0BB00BBD7F0 /* secondScreen.swift in Sources */,
				5C45CFE127E4E0C800BBD7F0 /* thirdScreen.swift in Sources */,
				5C45CFE927E54DB400BBD7F0 /* AnimationView.swift in Sources */,
				5C7A8B9F27E3C71E002912C2 /* OpenVoteApp.swift in Sources */,
				5C45CFDD27E4E08E00BBD7F0 /* firstPage.swift in Sources */,
			);
			runOnlyForDeploymentPostprocessing = 0;
		};
/* End PBXSourcesBuildPhase section */

/* Begin XCBuildConfiguration section */
		5C7A8BA727E3C726002912C2 /* Debug */ = {
			isa = XCBuildConfiguration;
			buildSettings = {
				ALWAYS_SEARCH_USER_PATHS = NO;
				CLANG_ANALYZER_NONNULL = YES;
				CLANG_ANALYZER_NUMBER_OBJECT_CONVERSION = YES_AGGRESSIVE;
				CLANG_CXX_LANGUAGE_STANDARD = "gnu++17";
				CLANG_CXX_LIBRARY = "libc++";
				CLANG_ENABLE_MODULES = YES;
				CLANG_ENABLE_OBJC_ARC = YES;
				CLANG_ENABLE_OBJC_WEAK = YES;
				CLANG_WARN_BLOCK_CAPTURE_AUTORELEASING = YES;
				CLANG_WARN_BOOL_CONVERSION = YES;
				CLANG_WARN_COMMA = YES;
				CLANG_WARN_CONSTANT_CONVERSION = YES;
				CLANG_WARN_DEPRECATED_OBJC_IMPLEMENTATIONS = YES;
				CLANG_WARN_DIRECT_OBJC_ISA_USAGE = YES_ERROR;
				CLANG_WARN_DOCUMENTATION_COMMENTS = YES;
				CLANG_WARN_EMPTY_BODY = YES;
				CLANG_WARN_ENUM_CONVERSION = YES;
				CLANG_WARN_INFINITE_RECURSION = YES;
				CLANG_WARN_INT_CONVERSION = YES;
				CLANG_WARN_NON_LITERAL_NULL_CONVERSION = YES;
				CLANG_WARN_OBJC_IMPLICIT_RETAIN_SELF = YES;
				CLANG_WARN_OBJC_LITERAL_CONVERSION = YES;
				CLANG_WARN_OBJC_ROOT_CLASS = YES_ERROR;
				CLANG_WARN_QUOTED_INCLUDE_IN_FRAMEWORK_HEADER = YES;
				CLANG_WARN_RANGE_LOOP_ANALYSIS = YES;
				CLANG_WARN_STRICT_PROTOTYPES = YES;
				CLANG_WARN_SUSPICIOUS_MOVE = YES;
				CLANG_WARN_UNGUARDED_AVAILABILITY = YES_AGGRESSIVE;
				CLANG_WARN_UNREACHABLE_CODE = YES;
				CLANG_WARN__DUPLICATE_METHOD_MATCH = YES;
				COPY_PHASE_STRIP = NO;
				DEBUG_INFORMATION_FORMAT = dwarf;
				ENABLE_STRICT_OBJC_MSGSEND = YES;
				ENABLE_TESTABILITY = YES;
				GCC_C_LANGUAGE_STANDARD = gnu11;
				GCC_DYNAMIC_NO_PIC = NO;
				GCC_NO_COMMON_BLOCKS = YES;
				GCC_OPTIMIZATION_LEVEL = 0;
				GCC_PREPROCESSOR_DEFINITIONS = (
					"DEBUG=1",
					"$(inherited)",
				);
				GCC_WARN_64_TO_32_BIT_CONVERSION = YES;
				GCC_WARN_ABOUT_RETURN_TYPE = YES_ERROR;
				GCC_WARN_UNDECLARED_SELECTOR = YES;
				GCC_WARN_UNINITIALIZED_AUTOS = YES_AGGRESSIVE;
				GCC_WARN_UNUSED_FUNCTION = YES;
				GCC_WARN_UNUSED_VARIABLE = YES;
				IPHONEOS_DEPLOYMENT_TARGET = 15.2;
				MTL_ENABLE_DEBUG_INFO = INCLUDE_SOURCE;
				MTL_FAST_MATH = YES;
				ONLY_ACTIVE_ARCH = YES;
				SDKROOT = iphoneos;
				SWIFT_ACTIVE_COMPILATION_CONDITIONS = DEBUG;
				SWIFT_OPTIMIZATION_LEVEL = "-Onone";
			};
			name = Debug;
		};
		5C7A8BA827E3C726002912C2 /* Release */ = {
			isa = XCBuildConfiguration;
			buildSettings = {
				ALWAYS_SEARCH_USER_PATHS = NO;
				CLANG_ANALYZER_NONNULL = YES;
				CLANG_ANALYZER_NUMBER_OBJECT_CONVERSION = YES_AGGRESSIVE;
				CLANG_CXX_LANGUAGE_STANDARD = "gnu++17";
				CLANG_CXX_LIBRARY = "libc++";
				CLANG_ENABLE_MODULES = YES;
				CLANG_ENABLE_OBJC_ARC = YES;
				CLANG_ENABLE_OBJC_WEAK = YES;
				CLANG_WARN_BLOCK_CAPTURE_AUTORELEASING = YES;
				CLANG_WARN_BOOL_CONVERSION = YES;
				CLANG_WARN_COMMA = YES;
				CLANG_WARN_CONSTANT_CONVERSION = YES;
				CLANG_WARN_DEPRECATED_OBJC_IMPLEMENTATIONS = YES;
				CLANG_WARN_DIRECT_OBJC_ISA_USAGE = YES_ERROR;
				CLANG_WARN_DOCUMENTATION_COMMENTS = YES;
				CLANG_WARN_EMPTY_BODY = YES;
				CLANG_WARN_ENUM_CONVERSION = YES;
				CLANG_WARN_INFINITE_RECURSION = YES;
				CLANG_WARN_INT_CONVERSION = YES;
				CLANG_WARN_NON_LITERAL_NULL_CONVERSION = YES;
				CLANG_WARN_OBJC_IMPLICIT_RETAIN_SELF = YES;
				CLANG_WARN_OBJC_LITERAL_CONVERSION = YES;
				CLANG_WARN_OBJC_ROOT_CLASS = YES_ERROR;
				CLANG_WARN_QUOTED_INCLUDE_IN_FRAMEWORK_HEADER = YES;
				CLANG_WARN_RANGE_LOOP_ANALYSIS = YES;
				CLANG_WARN_STRICT_PROTOTYPES = YES;
				CLANG_WARN_SUSPICIOUS_MOVE = YES;
				CLANG_WARN_UNGUARDED_AVAILABILITY = YES_AGGRESSIVE;
				CLANG_WARN_UNREACHABLE_CODE = YES;
				CLANG_WARN__DUPLICATE_METHOD_MATCH = YES;
				COPY_PHASE_STRIP = NO;
				DEBUG_INFORMATION_FORMAT = "dwarf-with-dsym";
				ENABLE_NS_ASSERTIONS = NO;
				ENABLE_STRICT_OBJC_MSGSEND = YES;
				GCC_C_LANGUAGE_STANDARD = gnu11;
				GCC_NO_COMMON_BLOCKS = YES;
				GCC_WARN_64_TO_32_BIT_CONVERSION = YES;
				GCC_WARN_ABOUT_RETURN_TYPE = YES_ERROR;
				GCC_WARN_UNDECLARED_SELECTOR = YES;
				GCC_WARN_UNINITIALIZED_AUTOS = YES_AGGRESSIVE;
				GCC_WARN_UNUSED_FUNCTION = YES;
				GCC_WARN_UNUSED_VARIABLE = YES;
				IPHONEOS_DEPLOYMENT_TARGET = 15.2;
				MTL_ENABLE_DEBUG_INFO = NO;
				MTL_FAST_MATH = YES;
				SDKROOT = iphoneos;
				SWIFT_COMPILATION_MODE = wholemodule;
				SWIFT_OPTIMIZATION_LEVEL = "-O";
				VALIDATE_PRODUCT = YES;
			};
			name = Release;
		};
		5C7A8BAA27E3C726002912C2 /* Debug */ = {
			isa = XCBuildConfiguration;
			buildSettings = {
				ASSETCATALOG_COMPILER_APPICON_NAME = AppIcon;
				ASSETCATALOG_COMPILER_GLOBAL_ACCENT_COLOR_NAME = AccentColor;
				CODE_SIGN_STYLE = Automatic;
				CURRENT_PROJECT_VERSION = 1;
				DEVELOPMENT_ASSET_PATHS = "\"OpenVote/Preview Content\"";
				DEVELOPMENT_TEAM = 883DK65VTV;
				ENABLE_PREVIEWS = YES;
				GENERATE_INFOPLIST_FILE = YES;
				INFOPLIST_FILE = OpenVote/Info.plist;
				INFOPLIST_KEY_UIApplicationSceneManifest_Generation = YES;
				INFOPLIST_KEY_UIApplicationSupportsIndirectInputEvents = YES;
				INFOPLIST_KEY_UILaunchScreen_Generation = YES;
				INFOPLIST_KEY_UISupportedInterfaceOrientations_iPad = "UIInterfaceOrientationPortrait UIInterfaceOrientationPortraitUpsideDown UIInterfaceOrientationLandscapeLeft UIInterfaceOrientationLandscapeRight";
				INFOPLIST_KEY_UISupportedInterfaceOrientations_iPhone = "UIInterfaceOrientationPortrait UIInterfaceOrientationLandscapeLeft UIInterfaceOrientationLandscapeRight";
				INFOPLIST_KEY_UIUserInterfaceStyle = Light;
				LD_RUNPATH_SEARCH_PATHS = (
					"$(inherited)",
					"@executable_path/Frameworks",
				);
				MARKETING_VERSION = 0.1;
				PRODUCT_BUNDLE_IDENTIFIER = ephs2022.openvote;
				PRODUCT_NAME = "$(TARGET_NAME)";
				SWIFT_EMIT_LOC_STRINGS = YES;
				SWIFT_VERSION = 5.0;
				TARGETED_DEVICE_FAMILY = 1;
			};
			name = Debug;
		};
		5C7A8BAB27E3C726002912C2 /* Release */ = {
			isa = XCBuildConfiguration;
			buildSettings = {
				ASSETCATALOG_COMPILER_APPICON_NAME = AppIcon;
				ASSETCATALOG_COMPILER_GLOBAL_ACCENT_COLOR_NAME = AccentColor;
				CODE_SIGN_STYLE = Automatic;
				CURRENT_PROJECT_VERSION = 1;
				DEVELOPMENT_ASSET_PATHS = "\"OpenVote/Preview Content\"";
				DEVELOPMENT_TEAM = 883DK65VTV;
				ENABLE_PREVIEWS = YES;
				GENERATE_INFOPLIST_FILE = YES;
				INFOPLIST_FILE = OpenVote/Info.plist;
				INFOPLIST_KEY_UIApplicationSceneManifest_Generation = YES;
				INFOPLIST_KEY_UIApplicationSupportsIndirectInputEvents = YES;
				INFOPLIST_KEY_UILaunchScreen_Generation = YES;
				INFOPLIST_KEY_UISupportedInterfaceOrientations_iPad = "UIInterfaceOrientationPortrait UIInterfaceOrientationPortraitUpsideDown UIInterfaceOrientationLandscapeLeft UIInterfaceOrientationLandscapeRight";
				INFOPLIST_KEY_UISupportedInterfaceOrientations_iPhone = "UIInterfaceOrientationPortrait UIInterfaceOrientationLandscapeLeft UIInterfaceOrientationLandscapeRight";
				INFOPLIST_KEY_UIUserInterfaceStyle = Light;
				LD_RUNPATH_SEARCH_PATHS = (
					"$(inherited)",
					"@executable_path/Frameworks",
				);
				MARKETING_VERSION = 0.1;
				PRODUCT_BUNDLE_IDENTIFIER = ephs2022.openvote;
				PRODUCT_NAME = "$(TARGET_NAME)";
				SWIFT_EMIT_LOC_STRINGS = YES;
				SWIFT_VERSION = 5.0;
				TARGETED_DEVICE_FAMILY = 1;
			};
			name = Release;
		};
/* End XCBuildConfiguration section */

/* Begin XCConfigurationList section */
		5C7A8B9627E3C71D002912C2 /* Build configuration list for PBXProject "OpenVote" */ = {
			isa = XCConfigurationList;
			buildConfigurations = (
				5C7A8BA727E3C726002912C2 /* Debug */,
				5C7A8BA827E3C726002912C2 /* Release */,
			);
			defaultConfigurationIsVisible = 0;
			defaultConfigurationName = Release;
		};
		5C7A8BA927E3C726002912C2 /* Build configuration list for PBXNativeTarget "OpenVote" */ = {
			isa = XCConfigurationList;
			buildConfigurations = (
				5C7A8BAA27E3C726002912C2 /* Debug */,
				5C7A8BAB27E3C726002912C2 /* Release */,
			);
			defaultConfigurationIsVisible = 0;
			defaultConfigurationName = Release;
		};
/* End XCConfigurationList section */
	};
	rootObject = 5C7A8B9327E3C71D002912C2 /* Project object */;
}
